
Microsoft Visual Studio Solution File, Format Version 12.00
# Visual Studio 15
VisualStudioVersion = 15.0.26730.15
MinimumVisualStudioVersion = 10.0.40219.1
Project("{8BC9CEB8-8B4A-11D0-8D11-00A0C91BC942}") = "dataProtection_lab2_R", "dataProtection_lab2_R\dataProtection_lab2_R.vcxproj", "{4B066325-0B55-4E47-925E-1BEB99AE88E2}"
EndProject
Global
	GlobalSection(SolutionConfigurationPlatforms) = preSolution
		Debug|x64 = Debug|x64
		Debug|x86 = Debug|x86
		Release|x64 = Release|x64
		Release|x86 = Release|x86
	EndGlobalSection
	GlobalSection(ProjectConfigurationPlatforms) = postSolution
		{4B066325-0B55-4E47-925E-1BEB99AE88E2}.Debug|x64.ActiveCfg = Debug|x64
		{4B066325-0B55-4E47-925E-1BEB99AE88E2}.Debug|x64.Build.0 = Debug|x64
		{4B066325-0B55-4E47-925E-1BEB99AE88E2}.Debug|x86.ActiveCfg = Debug|Win32
		{4B066325-0B55-4E47-925E-1BEB99AE88E2}.Debug|x86.Build.0 = Debug|Win32
		{4B066325-0B55-4E47-925E-1BEB99AE88E2}.Release|x64.ActiveCfg = Release|x64
		{4B066325-0B55-4E47-925E-1BEB99AE88E2}.Release|x64.Build.0 = Release|x64
		{4B066325-0B55-4E47-925E-1BEB99AE88E2}.Release|x86.ActiveCfg = Release|Win32
		{4B066325-0B55-4E47-925E-1BEB99AE88E2}.Release|x86.Build.0 = Release|Win32
	EndGlobalSection
	GlobalSection(SolutionProperties) = preSolution
		HideSolutionNode = FALSE
	EndGlobalSection
	GlobalSection(ExtensibilityGlobals) = postSolution
		SolutionGuid = {3E846A3D-4DB7-462F-874E-32B8A8B7E28E}
	EndGlobalSection
EndGlobal
